// !$*UTF8*$!
{
	archiveVersion = 1;
	classes = {
	};
	objectVersion = 56;
	objects = {

/* Begin PBXBuildFile section */
		32AAE04C2A6A8B0400A7A55B /* CardnudgeController.swift in Sources */ = {isa = PBXBuildFile; fileRef = 32AAE04A2A6A8B0400A7A55B /* CardnudgeController.swift */; };
		32AAE04D2A6A8B0400A7A55B /* Cardnudge.xib in Resources */ = {isa = PBXBuildFile; fileRef = 32AAE04B2A6A8B0400A7A55B /* Cardnudge.xib */; };
		32AAE0592A6E66F500A7A55B /* TableViewComp.xib in Resources */ = {isa = PBXBuildFile; fileRef = 32AAE0582A6E66F500A7A55B /* TableViewComp.xib */; };
		32AAE0A72A6ED66C00A7A55B /* Checkbox.swift in Sources */ = {isa = PBXBuildFile; fileRef = 32AAE0A62A6ED66C00A7A55B /* Checkbox.swift */; };
		32AAE0A92A6EEFE300A7A55B /* CustomTableCell.swift in Sources */ = {isa = PBXBuildFile; fileRef = 32AAE0A82A6EEFE300A7A55B /* CustomTableCell.swift */; };
		32AAE0B72A70CA5A00A7A55B /* PeopleList.swift in Sources */ = {isa = PBXBuildFile; fileRef = 32AAE0B62A70CA5A00A7A55B /* PeopleList.swift */; };
		32AAE0B92A70CAA000A7A55B /* UpcomingList.swift in Sources */ = {isa = PBXBuildFile; fileRef = 32AAE0B82A70CAA000A7A55B /* UpcomingList.swift */; };
		32AAE0BB2A70CAE100A7A55B /* Profile.swift in Sources */ = {isa = PBXBuildFile; fileRef = 32AAE0BA2A70CAE100A7A55B /* Profile.swift */; };
		32AAE0BD2A71AFF000A7A55B /* CustomTableView.swift in Sources */ = {isa = PBXBuildFile; fileRef = 32AAE0BC2A71AFF000A7A55B /* CustomTableView.swift */; };
		32AAE0C52A73BD8B00A7A55B /* IdCardView.swift in Sources */ = {isa = PBXBuildFile; fileRef = 32AAE0C42A73BD8B00A7A55B /* IdCardView.swift */; };
		32AAE0C72A752B9C00A7A55B /* HeaderView.swift in Sources */ = {isa = PBXBuildFile; fileRef = 32AAE0C62A752B9C00A7A55B /* HeaderView.swift */; };
		32AAE0C92A75433700A7A55B /* NoteList.swift in Sources */ = {isa = PBXBuildFile; fileRef = 32AAE0C82A75433700A7A55B /* NoteList.swift */; };
		A515E0B52A758127006BEA3C /* Form.swift in Sources */ = {isa = PBXBuildFile; fileRef = A515E0B42A758127006BEA3C /* Form.swift */; };
		A515E0B72A7582CF006BEA3C /* Group.swift in Sources */ = {isa = PBXBuildFile; fileRef = A515E0B62A7582CF006BEA3C /* Group.swift */; };
		A58F3D3E2A6520CC00BB0063 /* AppDelegate.swift in Sources */ = {isa = PBXBuildFile; fileRef = A58F3D3D2A6520CC00BB0063 /* AppDelegate.swift */; };
		A58F3D402A6520CC00BB0063 /* SceneDelegate.swift in Sources */ = {isa = PBXBuildFile; fileRef = A58F3D3F2A6520CC00BB0063 /* SceneDelegate.swift */; };
		A58F3D472A6520CD00BB0063 /* Assets.xcassets in Resources */ = {isa = PBXBuildFile; fileRef = A58F3D462A6520CD00BB0063 /* Assets.xcassets */; };
		A58F3D4A2A6520CD00BB0063 /* LaunchScreen.storyboard in Resources */ = {isa = PBXBuildFile; fileRef = A58F3D482A6520CD00BB0063 /* LaunchScreen.storyboard */; };
		A58F3D602A654D8C00BB0063 /* Onboarding.storyboard in Resources */ = {isa = PBXBuildFile; fileRef = A58F3D5F2A654D8C00BB0063 /* Onboarding.storyboard */; };
		A58F3D622A654E5000BB0063 /* OnboardingController.swift in Sources */ = {isa = PBXBuildFile; fileRef = A58F3D612A654E5000BB0063 /* OnboardingController.swift */; };
		A58F3D682A669DEE00BB0063 /* TextFieldID.swift in Sources */ = {isa = PBXBuildFile; fileRef = A58F3D672A669DEE00BB0063 /* TextFieldID.swift */; };
		A5D27A912A76713300283828 /* TimePickerField.swift in Sources */ = {isa = PBXBuildFile; fileRef = A5D27A902A76713300283828 /* TimePickerField.swift */; };
		A5D27A932A76715400283828 /* CalendarPickerField.swift in Sources */ = {isa = PBXBuildFile; fileRef = A5D27A922A76715400283828 /* CalendarPickerField.swift */; };
		A5D27A952A76719200283828 /* ReminderSheet.swift in Sources */ = {isa = PBXBuildFile; fileRef = A5D27A942A76719200283828 /* ReminderSheet.swift */; };
		A5D27A972A7671E900283828 /* TextViewID.swift in Sources */ = {isa = PBXBuildFile; fileRef = A5D27A962A7671E900283828 /* TextViewID.swift */; };
		A5D27A992A7680D000283828 /* EditProfileView.storyboard in Resources */ = {isa = PBXBuildFile; fileRef = A5D27A982A7680D000283828 /* EditProfileView.storyboard */; };
		A5D27A9B2A769BCD00283828 /* DetailReminderController.swift in Sources */ = {isa = PBXBuildFile; fileRef = A5D27A9A2A769BCD00283828 /* DetailReminderController.swift */; };
		A5D27A9D2A769C2D00283828 /* DetailNoteController.swift in Sources */ = {isa = PBXBuildFile; fileRef = A5D27A9C2A769C2D00283828 /* DetailNoteController.swift */; };
		A5D27A9F2A769CB000283828 /* LabelView.swift in Sources */ = {isa = PBXBuildFile; fileRef = A5D27A9E2A769CB000283828 /* LabelView.swift */; };
		A5D27AA12A76A35100283828 /* ReminderList.swift in Sources */ = {isa = PBXBuildFile; fileRef = A5D27AA02A76A35100283828 /* ReminderList.swift */; };
		A5D27AA32A76A39900283828 /* DetailUpcomingController.swift in Sources */ = {isa = PBXBuildFile; fileRef = A5D27AA22A76A39900283828 /* DetailUpcomingController.swift */; };
		A5D27AA92A76D4C300283828 /* IdCardData.xcdatamodeld in Sources */ = {isa = PBXBuildFile; fileRef = A5D27AA72A76D4C300283828 /* IdCardData.xcdatamodeld */; };
		A5D27AD42A76DAD600283828 /* CoreDataStack.swift in Sources */ = {isa = PBXBuildFile; fileRef = A5D27AD32A76DAD600283828 /* CoreDataStack.swift */; };
		A5D27B1B2A76E65600283828 /* PersonReminder+CoreDataClass.swift in Sources */ = {isa = PBXBuildFile; fileRef = A5D27B132A76E65600283828 /* PersonReminder+CoreDataClass.swift */; };
		A5D27B1C2A76E65600283828 /* PersonReminder+CoreDataProperties.swift in Sources */ = {isa = PBXBuildFile; fileRef = A5D27B142A76E65600283828 /* PersonReminder+CoreDataProperties.swift */; };
		A5D27B1D2A76E65600283828 /* PersonData+CoreDataClass.swift in Sources */ = {isa = PBXBuildFile; fileRef = A5D27B152A76E65600283828 /* PersonData+CoreDataClass.swift */; };
		A5D27B1E2A76E65600283828 /* PersonData+CoreDataProperties.swift in Sources */ = {isa = PBXBuildFile; fileRef = A5D27B162A76E65600283828 /* PersonData+CoreDataProperties.swift */; };
		A5D27B1F2A76E65600283828 /* PersonDetail+CoreDataClass.swift in Sources */ = {isa = PBXBuildFile; fileRef = A5D27B172A76E65600283828 /* PersonDetail+CoreDataClass.swift */; };
		A5D27B202A76E65600283828 /* PersonDetail+CoreDataProperties.swift in Sources */ = {isa = PBXBuildFile; fileRef = A5D27B182A76E65600283828 /* PersonDetail+CoreDataProperties.swift */; };
		A5D27B232A7777BE00283828 /* PersonNote+CoreDataClass.swift in Sources */ = {isa = PBXBuildFile; fileRef = A5D27B212A7777BE00283828 /* PersonNote+CoreDataClass.swift */; };
		A5D27B242A7777BE00283828 /* PersonNote+CoreDataProperties.swift in Sources */ = {isa = PBXBuildFile; fileRef = A5D27B222A7777BE00283828 /* PersonNote+CoreDataProperties.swift */; };
		BF7AE4142A726D0E0084D88C /* EditProfileController.swift in Sources */ = {isa = PBXBuildFile; fileRef = BF7AE4132A726D0E0084D88C /* EditProfileController.swift */; };
		BF7AE4162A7285A60084D88C /* AddNoteSheet.swift in Sources */ = {isa = PBXBuildFile; fileRef = BF7AE4152A7285A60084D88C /* AddNoteSheet.swift */; };
		BF7AE41E2A73A9140084D88C /* DetailTableCell.swift in Sources */ = {isa = PBXBuildFile; fileRef = BF7AE41D2A73A9140084D88C /* DetailTableCell.swift */; };
		BF7AE4202A73A9410084D88C /* DetailTextField.swift in Sources */ = {isa = PBXBuildFile; fileRef = BF7AE41F2A73A9410084D88C /* DetailTextField.swift */; };
		BF7AE4242A73B9CB0084D88C /* DetailPersonView.storyboard in Resources */ = {isa = PBXBuildFile; fileRef = BF7AE4232A73B9CB0084D88C /* DetailPersonView.storyboard */; };
		BF7AE4262A73BC400084D88C /* DetailPersonViewController.swift in Sources */ = {isa = PBXBuildFile; fileRef = BF7AE4252A73BC400084D88C /* DetailPersonViewController.swift */; };
		BF8E36D32A74FCF500404F5C /* EditPersonController.swift in Sources */ = {isa = PBXBuildFile; fileRef = BF8E36D22A74FCF500404F5C /* EditPersonController.swift */; };
		BF8E36DD2A75352700404F5C /* TextFieldNoImage.swift in Sources */ = {isa = PBXBuildFile; fileRef = BF8E36DC2A75352700404F5C /* TextFieldNoImage.swift */; };
		BF8E36DF2A75354B00404F5C /* EditTableCell.swift in Sources */ = {isa = PBXBuildFile; fileRef = BF8E36DE2A75354B00404F5C /* EditTableCell.swift */; };
		BF8E36E12A753A4400404F5C /* EditTextField.swift in Sources */ = {isa = PBXBuildFile; fileRef = BF8E36E02A753A4400404F5C /* EditTextField.swift */; };
		BFA750A02A70D62E0016F1C5 /* SocialMediaController.swift in Sources */ = {isa = PBXBuildFile; fileRef = BFA7509F2A70D62E0016F1C5 /* SocialMediaController.swift */; };
		BFF9CD132A692588006CD9B8 /* AddPersonView.storyboard in Resources */ = {isa = PBXBuildFile; fileRef = BFF9CD122A692588006CD9B8 /* AddPersonView.storyboard */; };
		BFF9CD152A69259F006CD9B8 /* AddPersonViewController.swift in Sources */ = {isa = PBXBuildFile; fileRef = BFF9CD142A69259F006CD9B8 /* AddPersonViewController.swift */; };
/* End PBXBuildFile section */

/* Begin PBXFileReference section */
		32AAE04A2A6A8B0400A7A55B /* CardnudgeController.swift */ = {isa = PBXFileReference; lastKnownFileType = sourcecode.swift; path = CardnudgeController.swift; sourceTree = "<group>"; };
		32AAE04B2A6A8B0400A7A55B /* Cardnudge.xib */ = {isa = PBXFileReference; lastKnownFileType = file.xib; path = Cardnudge.xib; sourceTree = "<group>"; };
		32AAE0582A6E66F500A7A55B /* TableViewComp.xib */ = {isa = PBXFileReference; lastKnownFileType = file.xib; path = TableViewComp.xib; sourceTree = "<group>"; };
		32AAE0A62A6ED66C00A7A55B /* Checkbox.swift */ = {isa = PBXFileReference; lastKnownFileType = sourcecode.swift; path = Checkbox.swift; sourceTree = "<group>"; };
		32AAE0A82A6EEFE300A7A55B /* CustomTableCell.swift */ = {isa = PBXFileReference; lastKnownFileType = sourcecode.swift; path = CustomTableCell.swift; sourceTree = "<group>"; };
		32AAE0B62A70CA5A00A7A55B /* PeopleList.swift */ = {isa = PBXFileReference; lastKnownFileType = sourcecode.swift; path = PeopleList.swift; sourceTree = "<group>"; };
		32AAE0B82A70CAA000A7A55B /* UpcomingList.swift */ = {isa = PBXFileReference; lastKnownFileType = sourcecode.swift; path = UpcomingList.swift; sourceTree = "<group>"; };
		32AAE0BA2A70CAE100A7A55B /* Profile.swift */ = {isa = PBXFileReference; lastKnownFileType = sourcecode.swift; path = Profile.swift; sourceTree = "<group>"; };
		32AAE0BC2A71AFF000A7A55B /* CustomTableView.swift */ = {isa = PBXFileReference; lastKnownFileType = sourcecode.swift; path = CustomTableView.swift; sourceTree = "<group>"; };
		32AAE0C42A73BD8B00A7A55B /* IdCardView.swift */ = {isa = PBXFileReference; lastKnownFileType = sourcecode.swift; path = IdCardView.swift; sourceTree = "<group>"; };
		32AAE0C62A752B9C00A7A55B /* HeaderView.swift */ = {isa = PBXFileReference; lastKnownFileType = sourcecode.swift; path = HeaderView.swift; sourceTree = "<group>"; };
		32AAE0C82A75433700A7A55B /* NoteList.swift */ = {isa = PBXFileReference; lastKnownFileType = sourcecode.swift; path = NoteList.swift; sourceTree = "<group>"; };
		A515E0B42A758127006BEA3C /* Form.swift */ = {isa = PBXFileReference; lastKnownFileType = sourcecode.swift; path = Form.swift; sourceTree = "<group>"; };
		A515E0B62A7582CF006BEA3C /* Group.swift */ = {isa = PBXFileReference; lastKnownFileType = sourcecode.swift; path = Group.swift; sourceTree = "<group>"; };
		A58F3D3A2A6520CC00BB0063 /* IdCardWallet.app */ = {isa = PBXFileReference; explicitFileType = wrapper.application; includeInIndex = 0; path = IdCardWallet.app; sourceTree = BUILT_PRODUCTS_DIR; };
		A58F3D3D2A6520CC00BB0063 /* AppDelegate.swift */ = {isa = PBXFileReference; lastKnownFileType = sourcecode.swift; path = AppDelegate.swift; sourceTree = "<group>"; };
		A58F3D3F2A6520CC00BB0063 /* SceneDelegate.swift */ = {isa = PBXFileReference; lastKnownFileType = sourcecode.swift; path = SceneDelegate.swift; sourceTree = "<group>"; };
		A58F3D462A6520CD00BB0063 /* Assets.xcassets */ = {isa = PBXFileReference; lastKnownFileType = folder.assetcatalog; path = Assets.xcassets; sourceTree = "<group>"; };
		A58F3D492A6520CD00BB0063 /* Base */ = {isa = PBXFileReference; lastKnownFileType = file.storyboard; name = Base; path = Base.lproj/LaunchScreen.storyboard; sourceTree = "<group>"; };
		A58F3D4B2A6520CD00BB0063 /* Info.plist */ = {isa = PBXFileReference; lastKnownFileType = text.plist.xml; path = Info.plist; sourceTree = "<group>"; };
		A58F3D5F2A654D8C00BB0063 /* Onboarding.storyboard */ = {isa = PBXFileReference; lastKnownFileType = file.storyboard; path = Onboarding.storyboard; sourceTree = "<group>"; };
		A58F3D612A654E5000BB0063 /* OnboardingController.swift */ = {isa = PBXFileReference; lastKnownFileType = sourcecode.swift; path = OnboardingController.swift; sourceTree = "<group>"; };
		A58F3D672A669DEE00BB0063 /* TextFieldID.swift */ = {isa = PBXFileReference; lastKnownFileType = sourcecode.swift; path = TextFieldID.swift; sourceTree = "<group>"; };
		A5D27A902A76713300283828 /* TimePickerField.swift */ = {isa = PBXFileReference; lastKnownFileType = sourcecode.swift; path = TimePickerField.swift; sourceTree = "<group>"; };
		A5D27A922A76715400283828 /* CalendarPickerField.swift */ = {isa = PBXFileReference; lastKnownFileType = sourcecode.swift; path = CalendarPickerField.swift; sourceTree = "<group>"; };
		A5D27A942A76719200283828 /* ReminderSheet.swift */ = {isa = PBXFileReference; lastKnownFileType = sourcecode.swift; path = ReminderSheet.swift; sourceTree = "<group>"; };
		A5D27A962A7671E900283828 /* TextViewID.swift */ = {isa = PBXFileReference; lastKnownFileType = sourcecode.swift; path = TextViewID.swift; sourceTree = "<group>"; };
		A5D27A982A7680D000283828 /* EditProfileView.storyboard */ = {isa = PBXFileReference; lastKnownFileType = file.storyboard; path = EditProfileView.storyboard; sourceTree = "<group>"; };
		A5D27A9A2A769BCD00283828 /* DetailReminderController.swift */ = {isa = PBXFileReference; lastKnownFileType = sourcecode.swift; path = DetailReminderController.swift; sourceTree = "<group>"; };
		A5D27A9C2A769C2D00283828 /* DetailNoteController.swift */ = {isa = PBXFileReference; lastKnownFileType = sourcecode.swift; path = DetailNoteController.swift; sourceTree = "<group>"; };
		A5D27A9E2A769CB000283828 /* LabelView.swift */ = {isa = PBXFileReference; lastKnownFileType = sourcecode.swift; path = LabelView.swift; sourceTree = "<group>"; };
		A5D27AA02A76A35100283828 /* ReminderList.swift */ = {isa = PBXFileReference; lastKnownFileType = sourcecode.swift; path = ReminderList.swift; sourceTree = "<group>"; };
		A5D27AA22A76A39900283828 /* DetailUpcomingController.swift */ = {isa = PBXFileReference; lastKnownFileType = sourcecode.swift; path = DetailUpcomingController.swift; sourceTree = "<group>"; };
		A5D27AA82A76D4C300283828 /* IdCardData.xcdatamodel */ = {isa = PBXFileReference; lastKnownFileType = wrapper.xcdatamodel; path = IdCardData.xcdatamodel; sourceTree = "<group>"; };
		A5D27AD32A76DAD600283828 /* CoreDataStack.swift */ = {isa = PBXFileReference; lastKnownFileType = sourcecode.swift; path = CoreDataStack.swift; sourceTree = "<group>"; };
		A5D27B132A76E65600283828 /* PersonReminder+CoreDataClass.swift */ = {isa = PBXFileReference; lastKnownFileType = sourcecode.swift; path = "PersonReminder+CoreDataClass.swift"; sourceTree = "<group>"; };
		A5D27B142A76E65600283828 /* PersonReminder+CoreDataProperties.swift */ = {isa = PBXFileReference; lastKnownFileType = sourcecode.swift; path = "PersonReminder+CoreDataProperties.swift"; sourceTree = "<group>"; };
		A5D27B152A76E65600283828 /* PersonData+CoreDataClass.swift */ = {isa = PBXFileReference; lastKnownFileType = sourcecode.swift; path = "PersonData+CoreDataClass.swift"; sourceTree = "<group>"; };
		A5D27B162A76E65600283828 /* PersonData+CoreDataProperties.swift */ = {isa = PBXFileReference; lastKnownFileType = sourcecode.swift; path = "PersonData+CoreDataProperties.swift"; sourceTree = "<group>"; };
		A5D27B172A76E65600283828 /* PersonDetail+CoreDataClass.swift */ = {isa = PBXFileReference; lastKnownFileType = sourcecode.swift; path = "PersonDetail+CoreDataClass.swift"; sourceTree = "<group>"; };
		A5D27B182A76E65600283828 /* PersonDetail+CoreDataProperties.swift */ = {isa = PBXFileReference; lastKnownFileType = sourcecode.swift; path = "PersonDetail+CoreDataProperties.swift"; sourceTree = "<group>"; };
		A5D27B212A7777BE00283828 /* PersonNote+CoreDataClass.swift */ = {isa = PBXFileReference; lastKnownFileType = sourcecode.swift; path = "PersonNote+CoreDataClass.swift"; sourceTree = "<group>"; };
		A5D27B222A7777BE00283828 /* PersonNote+CoreDataProperties.swift */ = {isa = PBXFileReference; lastKnownFileType = sourcecode.swift; path = "PersonNote+CoreDataProperties.swift"; sourceTree = "<group>"; };
		BF7AE4132A726D0E0084D88C /* EditProfileController.swift */ = {isa = PBXFileReference; lastKnownFileType = sourcecode.swift; path = EditProfileController.swift; sourceTree = "<group>"; };
		BF7AE4152A7285A60084D88C /* AddNoteSheet.swift */ = {isa = PBXFileReference; lastKnownFileType = sourcecode.swift; path = AddNoteSheet.swift; sourceTree = "<group>"; };
		BF7AE41D2A73A9140084D88C /* DetailTableCell.swift */ = {isa = PBXFileReference; lastKnownFileType = sourcecode.swift; name = DetailTableCell.swift; path = IdCardWallet/Controller/DetailTableCell.swift; sourceTree = SOURCE_ROOT; };
		BF7AE41F2A73A9410084D88C /* DetailTextField.swift */ = {isa = PBXFileReference; lastKnownFileType = sourcecode.swift; name = DetailTextField.swift; path = IdCardWallet/Controller/DetailTextField.swift; sourceTree = SOURCE_ROOT; };
		BF7AE4232A73B9CB0084D88C /* DetailPersonView.storyboard */ = {isa = PBXFileReference; lastKnownFileType = file.storyboard; path = DetailPersonView.storyboard; sourceTree = "<group>"; };
		BF7AE4252A73BC400084D88C /* DetailPersonViewController.swift */ = {isa = PBXFileReference; lastKnownFileType = sourcecode.swift; path = DetailPersonViewController.swift; sourceTree = "<group>"; };
		BF8E36D22A74FCF500404F5C /* EditPersonController.swift */ = {isa = PBXFileReference; lastKnownFileType = sourcecode.swift; path = EditPersonController.swift; sourceTree = "<group>"; };
		BF8E36DC2A75352700404F5C /* TextFieldNoImage.swift */ = {isa = PBXFileReference; lastKnownFileType = sourcecode.swift; path = TextFieldNoImage.swift; sourceTree = "<group>"; };
		BF8E36DE2A75354B00404F5C /* EditTableCell.swift */ = {isa = PBXFileReference; lastKnownFileType = sourcecode.swift; path = EditTableCell.swift; sourceTree = "<group>"; };
		BF8E36E02A753A4400404F5C /* EditTextField.swift */ = {isa = PBXFileReference; lastKnownFileType = sourcecode.swift; path = EditTextField.swift; sourceTree = "<group>"; };
		BFA7509F2A70D62E0016F1C5 /* SocialMediaController.swift */ = {isa = PBXFileReference; lastKnownFileType = sourcecode.swift; path = SocialMediaController.swift; sourceTree = "<group>"; };
		BFF9CD122A692588006CD9B8 /* AddPersonView.storyboard */ = {isa = PBXFileReference; lastKnownFileType = file.storyboard; path = AddPersonView.storyboard; sourceTree = "<group>"; };
		BFF9CD142A69259F006CD9B8 /* AddPersonViewController.swift */ = {isa = PBXFileReference; lastKnownFileType = sourcecode.swift; path = AddPersonViewController.swift; sourceTree = "<group>"; };
/* End PBXFileReference section */

/* Begin PBXFrameworksBuildPhase section */
		A58F3D372A6520CC00BB0063 /* Frameworks */ = {
			isa = PBXFrameworksBuildPhase;
			buildActionMask = 2147483647;
			files = (
			);
			runOnlyForDeploymentPostprocessing = 0;
		};
/* End PBXFrameworksBuildPhase section */

/* Begin PBXGroup section */
		A58F3D312A6520CC00BB0063 = {
			isa = PBXGroup;
			children = (
				A58F3D3C2A6520CC00BB0063 /* IdCardWallet */,
				A58F3D3B2A6520CC00BB0063 /* Products */,
			);
			sourceTree = "<group>";
		};
		A58F3D3B2A6520CC00BB0063 /* Products */ = {
			isa = PBXGroup;
			children = (
				A58F3D3A2A6520CC00BB0063 /* IdCardWallet.app */,
			);
			name = Products;
			sourceTree = "<group>";
		};
		A58F3D3C2A6520CC00BB0063 /* IdCardWallet */ = {
			isa = PBXGroup;
			children = (
				A5D27AD22A76DABC00283828 /* CoreData */,
				A58F3D5C2A654C0000BB0063 /* Controller */,
				A58F3D532A65222000BB0063 /* Model */,
				A58F3D522A6521F700BB0063 /* View */,
				A58F3D512A6521D800BB0063 /* ViewModel */,
				A58F3D3D2A6520CC00BB0063 /* AppDelegate.swift */,
				A58F3D3F2A6520CC00BB0063 /* SceneDelegate.swift */,
				A58F3D462A6520CD00BB0063 /* Assets.xcassets */,
				A58F3D482A6520CD00BB0063 /* LaunchScreen.storyboard */,
				A58F3D4B2A6520CD00BB0063 /* Info.plist */,
				A5D27AA72A76D4C300283828 /* IdCardData.xcdatamodeld */,
			);
			path = IdCardWallet;
			sourceTree = "<group>";
		};
		A58F3D512A6521D800BB0063 /* ViewModel */ = {
			isa = PBXGroup;
			children = (
				BF7AE41D2A73A9140084D88C /* DetailTableCell.swift */,
				BF7AE41F2A73A9410084D88C /* DetailTextField.swift */,
				BF8E36DE2A75354B00404F5C /* EditTableCell.swift */,
			);
			path = ViewModel;
			sourceTree = "<group>";
		};
		A58F3D522A6521F700BB0063 /* View */ = {
			isa = PBXGroup;
			children = (
				A58F3D5F2A654D8C00BB0063 /* Onboarding.storyboard */,
				BFF9CD122A692588006CD9B8 /* AddPersonView.storyboard */,
				BF7AE4232A73B9CB0084D88C /* DetailPersonView.storyboard */,
				A5D27A982A7680D000283828 /* EditProfileView.storyboard */,
				32AAE04B2A6A8B0400A7A55B /* Cardnudge.xib */,
				32AAE0582A6E66F500A7A55B /* TableViewComp.xib */,
				A58F3D672A669DEE00BB0063 /* TextFieldID.swift */,
				BF7AE4152A7285A60084D88C /* AddNoteSheet.swift */,
				BF8E36DC2A75352700404F5C /* TextFieldNoImage.swift */,
				BF8E36E02A753A4400404F5C /* EditTextField.swift */,
				32AAE0A62A6ED66C00A7A55B /* Checkbox.swift */,
				32AAE0A82A6EEFE300A7A55B /* CustomTableCell.swift */,
				32AAE0BC2A71AFF000A7A55B /* CustomTableView.swift */,
				32AAE0C42A73BD8B00A7A55B /* IdCardView.swift */,
				32AAE0C62A752B9C00A7A55B /* HeaderView.swift */,
				A5D27A902A76713300283828 /* TimePickerField.swift */,
				A5D27A922A76715400283828 /* CalendarPickerField.swift */,
				A5D27A942A76719200283828 /* ReminderSheet.swift */,
				A5D27A962A7671E900283828 /* TextViewID.swift */,
				A5D27A9E2A769CB000283828 /* LabelView.swift */,
			);
			path = View;
			sourceTree = "<group>";
		};
		A58F3D532A65222000BB0063 /* Model */ = {
			isa = PBXGroup;
			children = (
				A515E0B42A758127006BEA3C /* Form.swift */,
				A515E0B62A7582CF006BEA3C /* Group.swift */,
			);
			path = Model;
			sourceTree = "<group>";
		};
		A58F3D5C2A654C0000BB0063 /* Controller */ = {
			isa = PBXGroup;
			children = (
				BFF9CD142A69259F006CD9B8 /* AddPersonViewController.swift */,
				BFA7509F2A70D62E0016F1C5 /* SocialMediaController.swift */,
				BF7AE4252A73BC400084D88C /* DetailPersonViewController.swift */,
				BF7AE4132A726D0E0084D88C /* EditProfileController.swift */,
				BF8E36D22A74FCF500404F5C /* EditPersonController.swift */,
				32AAE04A2A6A8B0400A7A55B /* CardnudgeController.swift */,
				A58F3D612A654E5000BB0063 /* OnboardingController.swift */,
				32AAE0B62A70CA5A00A7A55B /* PeopleList.swift */,
				32AAE0B82A70CAA000A7A55B /* UpcomingList.swift */,
				32AAE0BA2A70CAE100A7A55B /* Profile.swift */,
				32AAE0C82A75433700A7A55B /* NoteList.swift */,
				A5D27A9A2A769BCD00283828 /* DetailReminderController.swift */,
				A5D27A9C2A769C2D00283828 /* DetailNoteController.swift */,
				A5D27AA02A76A35100283828 /* ReminderList.swift */,
				A5D27AA22A76A39900283828 /* DetailUpcomingController.swift */,
			);
			path = Controller;
			sourceTree = "<group>";
		};
		A5D27AD22A76DABC00283828 /* CoreData */ = {
			isa = PBXGroup;
			children = (
				A5D27B212A7777BE00283828 /* PersonNote+CoreDataClass.swift */,
				A5D27B222A7777BE00283828 /* PersonNote+CoreDataProperties.swift */,
				A5D27B132A76E65600283828 /* PersonReminder+CoreDataClass.swift */,
				A5D27B142A76E65600283828 /* PersonReminder+CoreDataProperties.swift */,
				A5D27B152A76E65600283828 /* PersonData+CoreDataClass.swift */,
				A5D27B162A76E65600283828 /* PersonData+CoreDataProperties.swift */,
				A5D27B172A76E65600283828 /* PersonDetail+CoreDataClass.swift */,
				A5D27B182A76E65600283828 /* PersonDetail+CoreDataProperties.swift */,
				A5D27AD32A76DAD600283828 /* CoreDataStack.swift */,
			);
			path = CoreData;
			sourceTree = "<group>";
		};
/* End PBXGroup section */

/* Begin PBXNativeTarget section */
		A58F3D392A6520CC00BB0063 /* IdCardWallet */ = {
			isa = PBXNativeTarget;
			buildConfigurationList = A58F3D4E2A6520CD00BB0063 /* Build configuration list for PBXNativeTarget "IdCardWallet" */;
			buildPhases = (
				A58F3D362A6520CC00BB0063 /* Sources */,
				A58F3D372A6520CC00BB0063 /* Frameworks */,
				A58F3D382A6520CC00BB0063 /* Resources */,
			);
			buildRules = (
			);
			dependencies = (
			);
			name = IdCardWallet;
			productName = IdCardWallet;
			productReference = A58F3D3A2A6520CC00BB0063 /* IdCardWallet.app */;
			productType = "com.apple.product-type.application";
		};
/* End PBXNativeTarget section */

/* Begin PBXProject section */
		A58F3D322A6520CC00BB0063 /* Project object */ = {
			isa = PBXProject;
			attributes = {
				BuildIndependentTargetsInParallel = 1;
				LastSwiftUpdateCheck = 1430;
				LastUpgradeCheck = 1430;
				TargetAttributes = {
					A58F3D392A6520CC00BB0063 = {
						CreatedOnToolsVersion = 14.3.1;
					};
				};
			};
			buildConfigurationList = A58F3D352A6520CC00BB0063 /* Build configuration list for PBXProject "IdCardWallet" */;
			compatibilityVersion = "Xcode 14.0";
			developmentRegion = en;
			hasScannedForEncodings = 0;
			knownRegions = (
				en,
				Base,
			);
			mainGroup = A58F3D312A6520CC00BB0063;
			productRefGroup = A58F3D3B2A6520CC00BB0063 /* Products */;
			projectDirPath = "";
			projectRoot = "";
			targets = (
				A58F3D392A6520CC00BB0063 /* IdCardWallet */,
			);
		};
/* End PBXProject section */

/* Begin PBXResourcesBuildPhase section */
		A58F3D382A6520CC00BB0063 /* Resources */ = {
			isa = PBXResourcesBuildPhase;
			buildActionMask = 2147483647;
			files = (
				BF7AE4242A73B9CB0084D88C /* DetailPersonView.storyboard in Resources */,
				A58F3D602A654D8C00BB0063 /* Onboarding.storyboard in Resources */,
				A58F3D4A2A6520CD00BB0063 /* LaunchScreen.storyboard in Resources */,
				A5D27A992A7680D000283828 /* EditProfileView.storyboard in Resources */,
				BFF9CD132A692588006CD9B8 /* AddPersonView.storyboard in Resources */,
				A58F3D472A6520CD00BB0063 /* Assets.xcassets in Resources */,
				32AAE0592A6E66F500A7A55B /* TableViewComp.xib in Resources */,
				32AAE04D2A6A8B0400A7A55B /* Cardnudge.xib in Resources */,
			);
			runOnlyForDeploymentPostprocessing = 0;
		};
/* End PBXResourcesBuildPhase section */

/* Begin PBXSourcesBuildPhase section */
		A58F3D362A6520CC00BB0063 /* Sources */ = {
			isa = PBXSourcesBuildPhase;
			buildActionMask = 2147483647;
			files = (
				A5D27A972A7671E900283828 /* TextViewID.swift in Sources */,
				BF8E36D32A74FCF500404F5C /* EditPersonController.swift in Sources */,
				A5D27AA32A76A39900283828 /* DetailUpcomingController.swift in Sources */,
				A5D27B202A76E65600283828 /* PersonDetail+CoreDataProperties.swift in Sources */,
				A58F3D622A654E5000BB0063 /* OnboardingController.swift in Sources */,
				BF7AE4162A7285A60084D88C /* AddNoteSheet.swift in Sources */,
				BF7AE4142A726D0E0084D88C /* EditProfileController.swift in Sources */,
				BF7AE4202A73A9410084D88C /* DetailTextField.swift in Sources */,
				A5D27B1F2A76E65600283828 /* PersonDetail+CoreDataClass.swift in Sources */,
				A5D27A952A76719200283828 /* ReminderSheet.swift in Sources */,
				A5D27B1C2A76E65600283828 /* PersonReminder+CoreDataProperties.swift in Sources */,
				A5D27AA12A76A35100283828 /* ReminderList.swift in Sources */,
				A5D27A912A76713300283828 /* TimePickerField.swift in Sources */,
				A5D27A9B2A769BCD00283828 /* DetailReminderController.swift in Sources */,
				BF7AE4262A73BC400084D88C /* DetailPersonViewController.swift in Sources */,
				BFA750A02A70D62E0016F1C5 /* SocialMediaController.swift in Sources */,
				A58F3D682A669DEE00BB0063 /* TextFieldID.swift in Sources */,
				A58F3D3E2A6520CC00BB0063 /* AppDelegate.swift in Sources */,
				A58F3D402A6520CC00BB0063 /* SceneDelegate.swift in Sources */,
				A5D27B1D2A76E65600283828 /* PersonData+CoreDataClass.swift in Sources */,
				BFF9CD152A69259F006CD9B8 /* AddPersonViewController.swift in Sources */,
				BF8E36DF2A75354B00404F5C /* EditTableCell.swift in Sources */,
				A5D27B242A7777BE00283828 /* PersonNote+CoreDataProperties.swift in Sources */,
				BF8E36E12A753A4400404F5C /* EditTextField.swift in Sources */,
				BF8E36DD2A75352700404F5C /* TextFieldNoImage.swift in Sources */,
				A5D27A9D2A769C2D00283828 /* DetailNoteController.swift in Sources */,
				A5D27B1B2A76E65600283828 /* PersonReminder+CoreDataClass.swift in Sources */,
				A5D27AD42A76DAD600283828 /* CoreDataStack.swift in Sources */,
				BF7AE41E2A73A9140084D88C /* DetailTableCell.swift in Sources */,
				A5D27AA92A76D4C300283828 /* IdCardData.xcdatamodeld in Sources */,
				32AAE0BD2A71AFF000A7A55B /* CustomTableView.swift in Sources */,
				32AAE0B92A70CAA000A7A55B /* UpcomingList.swift in Sources */,
				32AAE0BB2A70CAE100A7A55B /* Profile.swift in Sources */,
				32AAE0A72A6ED66C00A7A55B /* Checkbox.swift in Sources */,
				A58F3D622A654E5000BB0063 /* OnboardingController.swift in Sources */,
				A515E0B52A758127006BEA3C /* Form.swift in Sources */,
				A5D27B232A7777BE00283828 /* PersonNote+CoreDataClass.swift in Sources */,
				32AAE0B72A70CA5A00A7A55B /* PeopleList.swift in Sources */,
				32AAE0C72A752B9C00A7A55B /* HeaderView.swift in Sources */,
				A5D27A932A76715400283828 /* CalendarPickerField.swift in Sources */,
				32AAE0A92A6EEFE300A7A55B /* CustomTableCell.swift in Sources */,
				32AAE0C52A73BD8B00A7A55B /* IdCardView.swift in Sources */,
				A515E0B72A7582CF006BEA3C /* Group.swift in Sources */,
				32AAE0C92A75433700A7A55B /* NoteList.swift in Sources */,
				A58F3D682A669DEE00BB0063 /* TextFieldID.swift in Sources */,
				A5D27B1E2A76E65600283828 /* PersonData+CoreDataProperties.swift in Sources */,
				A5D27A9F2A769CB000283828 /* LabelView.swift in Sources */,
				A58F3D3E2A6520CC00BB0063 /* AppDelegate.swift in Sources */,
				A58F3D402A6520CC00BB0063 /* SceneDelegate.swift in Sources */,
				32AAE04C2A6A8B0400A7A55B /* CardnudgeController.swift in Sources */,
			);
			runOnlyForDeploymentPostprocessing = 0;
		};
/* End PBXSourcesBuildPhase section */

/* Begin PBXVariantGroup section */
		A58F3D482A6520CD00BB0063 /* LaunchScreen.storyboard */ = {
			isa = PBXVariantGroup;
			children = (
				A58F3D492A6520CD00BB0063 /* Base */,
			);
			name = LaunchScreen.storyboard;
			sourceTree = "<group>";
		};
/* End PBXVariantGroup section */

/* Begin XCBuildConfiguration section */
		A58F3D4C2A6520CD00BB0063 /* Debug */ = {
			isa = XCBuildConfiguration;
			buildSettings = {
				ALWAYS_SEARCH_USER_PATHS = NO;
				CLANG_ANALYZER_NONNULL = YES;
				CLANG_ANALYZER_NUMBER_OBJECT_CONVERSION = YES_AGGRESSIVE;
				CLANG_CXX_LANGUAGE_STANDARD = "gnu++20";
				CLANG_ENABLE_MODULES = YES;
				CLANG_ENABLE_OBJC_ARC = YES;
				CLANG_ENABLE_OBJC_WEAK = YES;
				CLANG_WARN_BLOCK_CAPTURE_AUTORELEASING = YES;
				CLANG_WARN_BOOL_CONVERSION = YES;
				CLANG_WARN_COMMA = YES;
				CLANG_WARN_CONSTANT_CONVERSION = YES;
				CLANG_WARN_DEPRECATED_OBJC_IMPLEMENTATIONS = YES;
				CLANG_WARN_DIRECT_OBJC_ISA_USAGE = YES_ERROR;
				CLANG_WARN_DOCUMENTATION_COMMENTS = YES;
				CLANG_WARN_EMPTY_BODY = YES;
				CLANG_WARN_ENUM_CONVERSION = YES;
				CLANG_WARN_INFINITE_RECURSION = YES;
				CLANG_WARN_INT_CONVERSION = YES;
				CLANG_WARN_NON_LITERAL_NULL_CONVERSION = YES;
				CLANG_WARN_OBJC_IMPLICIT_RETAIN_SELF = YES;
				CLANG_WARN_OBJC_LITERAL_CONVERSION = YES;
				CLANG_WARN_OBJC_ROOT_CLASS = YES_ERROR;
				CLANG_WARN_QUOTED_INCLUDE_IN_FRAMEWORK_HEADER = YES;
				CLANG_WARN_RANGE_LOOP_ANALYSIS = YES;
				CLANG_WARN_STRICT_PROTOTYPES = YES;
				CLANG_WARN_SUSPICIOUS_MOVE = YES;
				CLANG_WARN_UNGUARDED_AVAILABILITY = YES_AGGRESSIVE;
				CLANG_WARN_UNREACHABLE_CODE = YES;
				CLANG_WARN__DUPLICATE_METHOD_MATCH = YES;
				COPY_PHASE_STRIP = NO;
				DEBUG_INFORMATION_FORMAT = dwarf;
				ENABLE_STRICT_OBJC_MSGSEND = YES;
				ENABLE_TESTABILITY = YES;
				GCC_C_LANGUAGE_STANDARD = gnu11;
				GCC_DYNAMIC_NO_PIC = NO;
				GCC_NO_COMMON_BLOCKS = YES;
				GCC_OPTIMIZATION_LEVEL = 0;
				GCC_PREPROCESSOR_DEFINITIONS = (
					"DEBUG=1",
					"$(inherited)",
				);
				GCC_WARN_64_TO_32_BIT_CONVERSION = YES;
				GCC_WARN_ABOUT_RETURN_TYPE = YES_ERROR;
				GCC_WARN_UNDECLARED_SELECTOR = YES;
				GCC_WARN_UNINITIALIZED_AUTOS = YES_AGGRESSIVE;
				GCC_WARN_UNUSED_FUNCTION = YES;
				GCC_WARN_UNUSED_VARIABLE = YES;
				IPHONEOS_DEPLOYMENT_TARGET = 16.4;
				MTL_ENABLE_DEBUG_INFO = INCLUDE_SOURCE;
				MTL_FAST_MATH = YES;
				ONLY_ACTIVE_ARCH = YES;
				SDKROOT = iphoneos;
				SWIFT_ACTIVE_COMPILATION_CONDITIONS = DEBUG;
				SWIFT_OPTIMIZATION_LEVEL = "-Onone";
			};
			name = Debug;
		};
		A58F3D4D2A6520CD00BB0063 /* Release */ = {
			isa = XCBuildConfiguration;
			buildSettings = {
				ALWAYS_SEARCH_USER_PATHS = NO;
				CLANG_ANALYZER_NONNULL = YES;
				CLANG_ANALYZER_NUMBER_OBJECT_CONVERSION = YES_AGGRESSIVE;
				CLANG_CXX_LANGUAGE_STANDARD = "gnu++20";
				CLANG_ENABLE_MODULES = YES;
				CLANG_ENABLE_OBJC_ARC = YES;
				CLANG_ENABLE_OBJC_WEAK = YES;
				CLANG_WARN_BLOCK_CAPTURE_AUTORELEASING = YES;
				CLANG_WARN_BOOL_CONVERSION = YES;
				CLANG_WARN_COMMA = YES;
				CLANG_WARN_CONSTANT_CONVERSION = YES;
				CLANG_WARN_DEPRECATED_OBJC_IMPLEMENTATIONS = YES;
				CLANG_WARN_DIRECT_OBJC_ISA_USAGE = YES_ERROR;
				CLANG_WARN_DOCUMENTATION_COMMENTS = YES;
				CLANG_WARN_EMPTY_BODY = YES;
				CLANG_WARN_ENUM_CONVERSION = YES;
				CLANG_WARN_INFINITE_RECURSION = YES;
				CLANG_WARN_INT_CONVERSION = YES;
				CLANG_WARN_NON_LITERAL_NULL_CONVERSION = YES;
				CLANG_WARN_OBJC_IMPLICIT_RETAIN_SELF = YES;
				CLANG_WARN_OBJC_LITERAL_CONVERSION = YES;
				CLANG_WARN_OBJC_ROOT_CLASS = YES_ERROR;
				CLANG_WARN_QUOTED_INCLUDE_IN_FRAMEWORK_HEADER = YES;
				CLANG_WARN_RANGE_LOOP_ANALYSIS = YES;
				CLANG_WARN_STRICT_PROTOTYPES = YES;
				CLANG_WARN_SUSPICIOUS_MOVE = YES;
				CLANG_WARN_UNGUARDED_AVAILABILITY = YES_AGGRESSIVE;
				CLANG_WARN_UNREACHABLE_CODE = YES;
				CLANG_WARN__DUPLICATE_METHOD_MATCH = YES;
				COPY_PHASE_STRIP = NO;
				DEBUG_INFORMATION_FORMAT = "dwarf-with-dsym";
				ENABLE_NS_ASSERTIONS = NO;
				ENABLE_STRICT_OBJC_MSGSEND = YES;
				GCC_C_LANGUAGE_STANDARD = gnu11;
				GCC_NO_COMMON_BLOCKS = YES;
				GCC_WARN_64_TO_32_BIT_CONVERSION = YES;
				GCC_WARN_ABOUT_RETURN_TYPE = YES_ERROR;
				GCC_WARN_UNDECLARED_SELECTOR = YES;
				GCC_WARN_UNINITIALIZED_AUTOS = YES_AGGRESSIVE;
				GCC_WARN_UNUSED_FUNCTION = YES;
				GCC_WARN_UNUSED_VARIABLE = YES;
				IPHONEOS_DEPLOYMENT_TARGET = 16.4;
				MTL_ENABLE_DEBUG_INFO = NO;
				MTL_FAST_MATH = YES;
				SDKROOT = iphoneos;
				SWIFT_COMPILATION_MODE = wholemodule;
				SWIFT_OPTIMIZATION_LEVEL = "-O";
				VALIDATE_PRODUCT = YES;
			};
			name = Release;
		};
		A58F3D4F2A6520CD00BB0063 /* Debug */ = {
			isa = XCBuildConfiguration;
			buildSettings = {
				ASSETCATALOG_COMPILER_APPICON_NAME = AppIcon;
				ASSETCATALOG_COMPILER_GLOBAL_ACCENT_COLOR_NAME = AccentColor;
				CODE_SIGN_STYLE = Automatic;
				CURRENT_PROJECT_VERSION = 1;
				DEVELOPMENT_TEAM = 75VHUVZJF4;
				GENERATE_INFOPLIST_FILE = YES;
				INFOPLIST_FILE = IdCardWallet/Info.plist;
				INFOPLIST_KEY_UIApplicationSupportsIndirectInputEvents = YES;
				INFOPLIST_KEY_UILaunchStoryboardName = LaunchScreen;
				INFOPLIST_KEY_UISupportedInterfaceOrientations_iPad = "UIInterfaceOrientationPortrait UIInterfaceOrientationPortraitUpsideDown UIInterfaceOrientationLandscapeLeft UIInterfaceOrientationLandscapeRight";
				INFOPLIST_KEY_UISupportedInterfaceOrientations_iPhone = "UIInterfaceOrientationPortrait UIInterfaceOrientationLandscapeLeft UIInterfaceOrientationLandscapeRight";
				LD_RUNPATH_SEARCH_PATHS = (
					"$(inherited)",
					"@executable_path/Frameworks",
				);
				MARKETING_VERSION = 1.0;
				PRODUCT_BUNDLE_IDENTIFIER = Dimas.IdCardWallet;
				PRODUCT_NAME = "$(TARGET_NAME)";
				SWIFT_EMIT_LOC_STRINGS = YES;
				SWIFT_VERSION = 5.0;
				TARGETED_DEVICE_FAMILY = "1,2";
			};
			name = Debug;
		};
		A58F3D502A6520CD00BB0063 /* Release */ = {
			isa = XCBuildConfiguration;
			buildSettings = {
				ASSETCATALOG_COMPILER_APPICON_NAME = AppIcon;
				ASSETCATALOG_COMPILER_GLOBAL_ACCENT_COLOR_NAME = AccentColor;
				CODE_SIGN_STYLE = Automatic;
				CURRENT_PROJECT_VERSION = 1;
				DEVELOPMENT_TEAM = 75VHUVZJF4;
				GENERATE_INFOPLIST_FILE = YES;
				INFOPLIST_FILE = IdCardWallet/Info.plist;
				INFOPLIST_KEY_UIApplicationSupportsIndirectInputEvents = YES;
				INFOPLIST_KEY_UILaunchStoryboardName = LaunchScreen;
				INFOPLIST_KEY_UISupportedInterfaceOrientations_iPad = "UIInterfaceOrientationPortrait UIInterfaceOrientationPortraitUpsideDown UIInterfaceOrientationLandscapeLeft UIInterfaceOrientationLandscapeRight";
				INFOPLIST_KEY_UISupportedInterfaceOrientations_iPhone = "UIInterfaceOrientationPortrait UIInterfaceOrientationLandscapeLeft UIInterfaceOrientationLandscapeRight";
				LD_RUNPATH_SEARCH_PATHS = (
					"$(inherited)",
					"@executable_path/Frameworks",
				);
				MARKETING_VERSION = 1.0;
				PRODUCT_BUNDLE_IDENTIFIER = Dimas.IdCardWallet;
				PRODUCT_NAME = "$(TARGET_NAME)";
				SWIFT_EMIT_LOC_STRINGS = YES;
				SWIFT_VERSION = 5.0;
				TARGETED_DEVICE_FAMILY = "1,2";
			};
			name = Release;
		};
/* End XCBuildConfiguration section */

/* Begin XCConfigurationList section */
		A58F3D352A6520CC00BB0063 /* Build configuration list for PBXProject "IdCardWallet" */ = {
			isa = XCConfigurationList;
			buildConfigurations = (
				A58F3D4C2A6520CD00BB0063 /* Debug */,
				A58F3D4D2A6520CD00BB0063 /* Release */,
			);
			defaultConfigurationIsVisible = 0;
			defaultConfigurationName = Release;
		};
		A58F3D4E2A6520CD00BB0063 /* Build configuration list for PBXNativeTarget "IdCardWallet" */ = {
			isa = XCConfigurationList;
			buildConfigurations = (
				A58F3D4F2A6520CD00BB0063 /* Debug */,
				A58F3D502A6520CD00BB0063 /* Release */,
			);
			defaultConfigurationIsVisible = 0;
			defaultConfigurationName = Release;
		};
/* End XCConfigurationList section */

/* Begin XCVersionGroup section */
		A5D27AA72A76D4C300283828 /* IdCardData.xcdatamodeld */ = {
			isa = XCVersionGroup;
			children = (
				A5D27AA82A76D4C300283828 /* IdCardData.xcdatamodel */,
			);
			currentVersion = A5D27AA82A76D4C300283828 /* IdCardData.xcdatamodel */;
			path = IdCardData.xcdatamodeld;
			sourceTree = "<group>";
			versionGroupType = wrapper.xcdatamodel;
		};
/* End XCVersionGroup section */
	};
	rootObject = A58F3D322A6520CC00BB0063 /* Project object */;
}
